# This file is automatically @generated by Cargo.
# It is not intended for manual editing.
version = 4

[[package]]
name = "bedrock-blocks"
version = "0.0.0"

[[package]]
name = "bedrock-cli"
version = "0.0.0"
dependencies = [
 "bedrock-server",
]

[[package]]
name = "bedrock-crypto"
version = "0.0.0"

[[package]]
name = "bedrock-nbt"
version = "0.0.0"

[[package]]
name = "bedrock-protocol"
version = "0.0.0"
dependencies = [
 "bedrock-blocks",
 "bedrock-nbt",
]

[[package]]
name = "bedrock-raknet"
version = "0.0.0"

[[package]]
name = "bedrock-server"
version = "0.0.0"
dependencies = [
 "bedrock-blocks",
 "bedrock-crypto",
 "bedrock-protocol",
 "bedrock-raknet",
 "bedrock-world",
]

[[package]]
name = "bedrock-world"
version = "0.0.0"
dependencies = [
 "bedrock-blocks",
 "bedrock-nbt",
]
